
Microsoft Visual Studio Solution File, Format Version 12.00
# Visual Studio 15
VisualStudioVersion = 15.0.28307.271
MinimumVisualStudioVersion = 10.0.40219.1
Project("{FAE04EC0-301F-11D3-BF4B-00C04F79EFBC}") = "TestMobileApp.Android", "TestMobileApp\TestMobileApp.Android\TestMobileApp.Android.csproj", "{723E6484-CA57-475F-8C1B-683A2CAB9373}"
EndProject
Project("{FAE04EC0-301F-11D3-BF4B-00C04F79EFBC}") = "TestMobileApp.iOS", "TestMobileApp\TestMobileApp.iOS\TestMobileApp.iOS.csproj", "{54257C1D-45FB-425A-9DC6-E3BA7D58314D}"
EndProject
Project("{FAE04EC0-301F-11D3-BF4B-00C04F79EFBC}") = "TestMobileApp", "TestMobileApp\TestMobileApp\TestMobileApp.csproj", "{87420241-A6D2-4366-BFC8-7F43989753FB}"
EndProject
Global
	GlobalSection(SolutionConfigurationPlatforms) = preSolution
		Ad-Hoc|Any CPU = Ad-Hoc|Any CPU
		Ad-Hoc|iPhone = Ad-Hoc|iPhone
		Ad-Hoc|iPhoneSimulator = Ad-Hoc|iPhoneSimulator
		AppStore|Any CPU = AppStore|Any CPU
		AppStore|iPhone = AppStore|iPhone
		AppStore|iPhoneSimulator = AppStore|iPhoneSimulator
		Debug|Any CPU = Debug|Any CPU
		Debug|iPhone = Debug|iPhone
		Debug|iPhoneSimulator = Debug|iPhoneSimulator
		Release|Any CPU = Release|Any CPU
		Release|iPhone = Release|iPhone
		Release|iPhoneSimulator = Release|iPhoneSimulator
	EndGlobalSection
	GlobalSection(ProjectConfigurationPlatforms) = postSolution
		{723E6484-CA57-475F-8C1B-683A2CAB9373}.Ad-Hoc|Any CPU.ActiveCfg = Release|Any CPU
		{723E6484-CA57-475F-8C1B-683A2CAB9373}.Ad-Hoc|Any CPU.Build.0 = Release|Any CPU
		{723E6484-CA57-475F-8C1B-683A2CAB9373}.Ad-Hoc|Any CPU.Deploy.0 = Release|Any CPU
		{723E6484-CA57-475F-8C1B-683A2CAB9373}.Ad-Hoc|iPhone.ActiveCfg = Release|Any CPU
		{723E6484-CA57-475F-8C1B-683A2CAB9373}.Ad-Hoc|iPhone.Build.0 = Release|Any CPU
		{723E6484-CA57-475F-8C1B-683A2CAB9373}.Ad-Hoc|iPhone.Deploy.0 = Release|Any CPU
		{723E6484-CA57-475F-8C1B-683A2CAB9373}.Ad-Hoc|iPhoneSimulator.ActiveCfg = Release|Any CPU
		{723E6484-CA57-475F-8C1B-683A2CAB9373}.Ad-Hoc|iPhoneSimulator.Build.0 = Release|Any CPU
		{723E6484-CA57-475F-8C1B-683A2CAB9373}.Ad-Hoc|iPhoneSimulator.Deploy.0 = Release|Any CPU
		{723E6484-CA57-475F-8C1B-683A2CAB9373}.AppStore|Any CPU.ActiveCfg = Release|Any CPU
		{723E6484-CA57-475F-8C1B-683A2CAB9373}.AppStore|Any CPU.Build.0 = Release|Any CPU
		{723E6484-CA57-475F-8C1B-683A2CAB9373}.AppStore|Any CPU.Deploy.0 = Release|Any CPU
		{723E6484-CA57-475F-8C1B-683A2CAB9373}.AppStore|iPhone.ActiveCfg = Release|Any CPU
		{723E6484-CA57-475F-8C1B-683A2CAB9373}.AppStore|iPhone.Build.0 = Release|Any CPU
		{723E6484-CA57-475F-8C1B-683A2CAB9373}.AppStore|iPhone.Deploy.0 = Release|Any CPU
		{723E6484-CA57-475F-8C1B-683A2CAB9373}.AppStore|iPhoneSimulator.ActiveCfg = Release|Any CPU
		{723E6484-CA57-475F-8C1B-683A2CAB9373}.AppStore|iPhoneSimulator.Build.0 = Release|Any CPU
		{723E6484-CA57-475F-8C1B-683A2CAB9373}.AppStore|iPhoneSimulator.Deploy.0 = Release|Any CPU
		{723E6484-CA57-475F-8C1B-683A2CAB9373}.Debug|Any CPU.ActiveCfg = Debug|Any CPU
		{723E6484-CA57-475F-8C1B-683A2CAB9373}.Debug|Any CPU.Build.0 = Debug|Any CPU
		{723E6484-CA57-475F-8C1B-683A2CAB9373}.Debug|Any CPU.Deploy.0 = Debug|Any CPU
		{723E6484-CA57-475F-8C1B-683A2CAB9373}.Debug|iPhone.ActiveCfg = Debug|Any CPU
		{723E6484-CA57-475F-8C1B-683A2CAB9373}.Debug|iPhone.Build.0 = Debug|Any CPU
		{723E6484-CA57-475F-8C1B-683A2CAB9373}.Debug|iPhone.Deploy.0 = Debug|Any CPU
		{723E6484-CA57-475F-8C1B-683A2CAB9373}.Debug|iPhoneSimulator.ActiveCfg = Debug|Any CPU
		{723E6484-CA57-475F-8C1B-683A2CAB9373}.Debug|iPhoneSimulator.Build.0 = Debug|Any CPU
		{723E6484-CA57-475F-8C1B-683A2CAB9373}.Debug|iPhoneSimulator.Deploy.0 = Debug|Any CPU
		{723E6484-CA57-475F-8C1B-683A2CAB9373}.Release|Any CPU.ActiveCfg = Release|Any CPU
		{723E6484-CA57-475F-8C1B-683A2CAB9373}.Release|Any CPU.Build.0 = Release|Any CPU
		{723E6484-CA57-475F-8C1B-683A2CAB9373}.Release|Any CPU.Deploy.0 = Release|Any CPU
		{723E6484-CA57-475F-8C1B-683A2CAB9373}.Release|iPhone.ActiveCfg = Release|Any CPU
		{723E6484-CA57-475F-8C1B-683A2CAB9373}.Release|iPhone.Build.0 = Release|Any CPU
		{723E6484-CA57-475F-8C1B-683A2CAB9373}.Release|iPhone.Deploy.0 = Release|Any CPU
		{723E6484-CA57-475F-8C1B-683A2CAB9373}.Release|iPhoneSimulator.ActiveCfg = Release|Any CPU
		{723E6484-CA57-475F-8C1B-683A2CAB9373}.Release|iPhoneSimulator.Build.0 = Release|Any CPU
		{723E6484-CA57-475F-8C1B-683A2CAB9373}.Release|iPhoneSimulator.Deploy.0 = Release|Any CPU
		{54257C1D-45FB-425A-9DC6-E3BA7D58314D}.Ad-Hoc|Any CPU.ActiveCfg = Ad-Hoc|iPhone
		{54257C1D-45FB-425A-9DC6-E3BA7D58314D}.Ad-Hoc|Any CPU.Build.0 = Ad-Hoc|iPhone
		{54257C1D-45FB-425A-9DC6-E3BA7D58314D}.Ad-Hoc|Any CPU.Deploy.0 = Ad-Hoc|iPhone
		{54257C1D-45FB-425A-9DC6-E3BA7D58314D}.Ad-Hoc|iPhone.ActiveCfg = Ad-Hoc|iPhone
		{54257C1D-45FB-425A-9DC6-E3BA7D58314D}.Ad-Hoc|iPhone.Build.0 = Ad-Hoc|iPhone
		{54257C1D-45FB-425A-9DC6-E3BA7D58314D}.Ad-Hoc|iPhone.Deploy.0 = Ad-Hoc|iPhone
		{54257C1D-45FB-425A-9DC6-E3BA7D58314D}.Ad-Hoc|iPhoneSimulator.ActiveCfg = Ad-Hoc|iPhoneSimulator
		{54257C1D-45FB-425A-9DC6-E3BA7D58314D}.Ad-Hoc|iPhoneSimulator.Build.0 = Ad-Hoc|iPhoneSimulator
		{54257C1D-45FB-425A-9DC6-E3BA7D58314D}.Ad-Hoc|iPhoneSimulator.Deploy.0 = Ad-Hoc|iPhoneSimulator
		{54257C1D-45FB-425A-9DC6-E3BA7D58314D}.AppStore|Any CPU.ActiveCfg = AppStore|iPhone
		{54257C1D-45FB-425A-9DC6-E3BA7D58314D}.AppStore|Any CPU.Build.0 = AppStore|iPhone
		{54257C1D-45FB-425A-9DC6-E3BA7D58314D}.AppStore|Any CPU.Deploy.0 = AppStore|iPhone
		{54257C1D-45FB-425A-9DC6-E3BA7D58314D}.AppStore|iPhone.ActiveCfg = AppStore|iPhone
		{54257C1D-45FB-425A-9DC6-E3BA7D58314D}.AppStore|iPhone.Build.0 = AppStore|iPhone
		{54257C1D-45FB-425A-9DC6-E3BA7D58314D}.AppStore|iPhone.Deploy.0 = AppStore|iPhone
		{54257C1D-45FB-425A-9DC6-E3BA7D58314D}.AppStore|iPhoneSimulator.ActiveCfg = AppStore|iPhoneSimulator
		{54257C1D-45FB-425A-9DC6-E3BA7D58314D}.AppStore|iPhoneSimulator.Build.0 = AppStore|iPhoneSimulator
		{54257C1D-45FB-425A-9DC6-E3BA7D58314D}.AppStore|iPhoneSimulator.Deploy.0 = AppStore|iPhoneSimulator
		{54257C1D-45FB-425A-9DC6-E3BA7D58314D}.Debug|Any CPU.ActiveCfg = Debug|iPhoneSimulator
		{54257C1D-45FB-425A-9DC6-E3BA7D58314D}.Debug|Any CPU.Build.0 = Debug|iPhoneSimulator
		{54257C1D-45FB-425A-9DC6-E3BA7D58314D}.Debug|Any CPU.Deploy.0 = Debug|iPhoneSimulator
		{54257C1D-45FB-425A-9DC6-E3BA7D58314D}.Debug|iPhone.ActiveCfg = Debug|iPhone
		{54257C1D-45FB-425A-9DC6-E3BA7D58314D}.Debug|iPhone.Build.0 = Debug|iPhone
		{54257C1D-45FB-425A-9DC6-E3BA7D58314D}.Debug|iPhone.Deploy.0 = Debug|iPhone
		{54257C1D-45FB-425A-9DC6-E3BA7D58314D}.Debug|iPhoneSimulator.ActiveCfg = Debug|iPhoneSimulator
		{54257C1D-45FB-425A-9DC6-E3BA7D58314D}.Debug|iPhoneSimulator.Build.0 = Debug|iPhoneSimulator
		{54257C1D-45FB-425A-9DC6-E3BA7D58314D}.Debug|iPhoneSimulator.Deploy.0 = Debug|iPhoneSimulator
		{54257C1D-45FB-425A-9DC6-E3BA7D58314D}.Release|Any CPU.ActiveCfg = Release|iPhone
		{54257C1D-45FB-425A-9DC6-E3BA7D58314D}.Release|Any CPU.Build.0 = Release|iPhone
		{54257C1D-45FB-425A-9DC6-E3BA7D58314D}.Release|Any CPU.Deploy.0 = Release|iPhone
		{54257C1D-45FB-425A-9DC6-E3BA7D58314D}.Release|iPhone.ActiveCfg = Release|iPhone
		{54257C1D-45FB-425A-9DC6-E3BA7D58314D}.Release|iPhone.Build.0 = Release|iPhone
		{54257C1D-45FB-425A-9DC6-E3BA7D58314D}.Release|iPhone.Deploy.0 = Release|iPhone
		{54257C1D-45FB-425A-9DC6-E3BA7D58314D}.Release|iPhoneSimulator.ActiveCfg = Release|iPhoneSimulator
		{54257C1D-45FB-425A-9DC6-E3BA7D58314D}.Release|iPhoneSimulator.Build.0 = Release|iPhoneSimulator
		{54257C1D-45FB-425A-9DC6-E3BA7D58314D}.Release|iPhoneSimulator.Deploy.0 = Release|iPhoneSimulator
		{87420241-A6D2-4366-BFC8-7F43989753FB}.Ad-Hoc|Any CPU.ActiveCfg = Debug|Any CPU
		{87420241-A6D2-4366-BFC8-7F43989753FB}.Ad-Hoc|Any CPU.Build.0 = Debug|Any CPU
		{87420241-A6D2-4366-BFC8-7F43989753FB}.Ad-Hoc|Any CPU.Deploy.0 = Debug|Any CPU
		{87420241-A6D2-4366-BFC8-7F43989753FB}.Ad-Hoc|iPhone.ActiveCfg = Debug|Any CPU
		{87420241-A6D2-4366-BFC8-7F43989753FB}.Ad-Hoc|iPhone.Build.0 = Debug|Any CPU
		{87420241-A6D2-4366-BFC8-7F43989753FB}.Ad-Hoc|iPhone.Deploy.0 = Debug|Any CPU
		{87420241-A6D2-4366-BFC8-7F43989753FB}.Ad-Hoc|iPhoneSimulator.ActiveCfg = Debug|Any CPU
		{87420241-A6D2-4366-BFC8-7F43989753FB}.Ad-Hoc|iPhoneSimulator.Build.0 = Debug|Any CPU
		{87420241-A6D2-4366-BFC8-7F43989753FB}.Ad-Hoc|iPhoneSimulator.Deploy.0 = Debug|Any CPU
		{87420241-A6D2-4366-BFC8-7F43989753FB}.AppStore|Any CPU.ActiveCfg = Debug|Any CPU
		{87420241-A6D2-4366-BFC8-7F43989753FB}.AppStore|Any CPU.Build.0 = Debug|Any CPU
		{87420241-A6D2-4366-BFC8-7F43989753FB}.AppStore|Any CPU.Deploy.0 = Debug|Any CPU
		{87420241-A6D2-4366-BFC8-7F43989753FB}.AppStore|iPhone.ActiveCfg = Debug|Any CPU
		{87420241-A6D2-4366-BFC8-7F43989753FB}.AppStore|iPhone.Build.0 = Debug|Any CPU
		{87420241-A6D2-4366-BFC8-7F43989753FB}.AppStore|iPhone.Deploy.0 = Debug|Any CPU
		{87420241-A6D2-4366-BFC8-7F43989753FB}.AppStore|iPhoneSimulator.ActiveCfg = Debug|Any CPU
		{87420241-A6D2-4366-BFC8-7F43989753FB}.AppStore|iPhoneSimulator.Build.0 = Debug|Any CPU
		{87420241-A6D2-4366-BFC8-7F43989753FB}.AppStore|iPhoneSimulator.Deploy.0 = Debug|Any CPU
		{87420241-A6D2-4366-BFC8-7F43989753FB}.Debug|Any CPU.ActiveCfg = Debug|Any CPU
		{87420241-A6D2-4366-BFC8-7F43989753FB}.Debug|Any CPU.Build.0 = Debug|Any CPU
		{87420241-A6D2-4366-BFC8-7F43989753FB}.Debug|Any CPU.Deploy.0 = Debug|Any CPU
		{87420241-A6D2-4366-BFC8-7F43989753FB}.Debug|iPhone.ActiveCfg = Debug|Any CPU
		{87420241-A6D2-4366-BFC8-7F43989753FB}.Debug|iPhone.Build.0 = Debug|Any CPU
		{87420241-A6D2-4366-BFC8-7F43989753FB}.Debug|iPhone.Deploy.0 = Debug|Any CPU
		{87420241-A6D2-4366-BFC8-7F43989753FB}.Debug|iPhoneSimulator.ActiveCfg = Debug|Any CPU
		{87420241-A6D2-4366-BFC8-7F43989753FB}.Debug|iPhoneSimulator.Build.0 = Debug|Any CPU
		{87420241-A6D2-4366-BFC8-7F43989753FB}.Debug|iPhoneSimulator.Deploy.0 = Debug|Any CPU
		{87420241-A6D2-4366-BFC8-7F43989753FB}.Release|Any CPU.ActiveCfg = Release|Any CPU
		{87420241-A6D2-4366-BFC8-7F43989753FB}.Release|Any CPU.Build.0 = Release|Any CPU
		{87420241-A6D2-4366-BFC8-7F43989753FB}.Release|Any CPU.Deploy.0 = Release|Any CPU
		{87420241-A6D2-4366-BFC8-7F43989753FB}.Release|iPhone.ActiveCfg = Release|Any CPU
		{87420241-A6D2-4366-BFC8-7F43989753FB}.Release|iPhone.Build.0 = Release|Any CPU
		{87420241-A6D2-4366-BFC8-7F43989753FB}.Release|iPhone.Deploy.0 = Release|Any CPU
		{87420241-A6D2-4366-BFC8-7F43989753FB}.Release|iPhoneSimulator.ActiveCfg = Release|Any CPU
		{87420241-A6D2-4366-BFC8-7F43989753FB}.Release|iPhoneSimulator.Build.0 = Release|Any CPU
		{87420241-A6D2-4366-BFC8-7F43989753FB}.Release|iPhoneSimulator.Deploy.0 = Release|Any CPU
	EndGlobalSection
	GlobalSection(SolutionProperties) = preSolution
		HideSolutionNode = FALSE
	EndGlobalSection
	GlobalSection(ExtensibilityGlobals) = postSolution
		SolutionGuid = {0729FF07-6A80-4097-B585-F04D0EF2ACA8}
	EndGlobalSection
EndGlobal
